{
  "originHash" : "3605bf72a55c320503f1bd3b51a31aaed0c98575194d64f5f6b65addaa61c09f",
  "pins" : [
    {
      "identity" : "methods",
      "kind" : "remoteSourceControl",
      "location" : "https://github.com/leviouwendijk/Methods.git",
      "state" : {
        "branch" : "master",
        "revision" : "c8f7182aa3ddffa106e7d35aa5dd12f0873f63d4"
      }
    },
    {
      "identity" : "milieu",
      "kind" : "remoteSourceControl",
      "location" : "https://github.com/leviouwendijk/Milieu.git",
      "state" : {
        "branch" : "master",
        "revision" : "242e890af20eb5f77087cf116ae9374f1f809b2a"
      }
    },
    {
      "identity" : "primitives",
      "kind" : "remoteSourceControl",
      "location" : "https://github.com/leviouwendijk/Primitives.git",
      "state" : {
        "branch" : "master",
        "revision" : "f7c2d22952ba235c3078b590ccf695ac783e87fe"
      }
    },
    {
      "identity" : "variables",
      "kind" : "remoteSourceControl",
      "location" : "https://github.com/leviouwendijk/Variables.git",
      "state" : {
        "branch" : "master",
        "revision" : "c533569cd399d8d4762f5f4f8241e2234735c6d0"
      }
    }
  ],
  "version" : 3
}
