{
  "originHash" : "d12d7978b700c698e5bbb517c161f959da667d30e5f5857b7cd665ac6edc7cad",
  "pins" : [
    {
      "identity" : "dsl",
      "kind" : "remoteSourceControl",
      "location" : "https://github.com/leviouwendijk/DSL.git",
      "state" : {
        "branch" : "master",
        "revision" : "703dbdf2da2a9fe814a1843f35dfb7104229f4eb"
      }
    },
    {
      "identity" : "methods",
      "kind" : "remoteSourceControl",
      "location" : "https://github.com/leviouwendijk/Methods.git",
      "state" : {
        "branch" : "master",
        "revision" : "62656c2e32b7889df68415464b67b440f7e7e464"
      }
    },
    {
      "identity" : "milieu",
      "kind" : "remoteSourceControl",
      "location" : "https://github.com/leviouwendijk/Milieu.git",
      "state" : {
        "branch" : "master",
        "revision" : "61da1601725fd66f5c6ad066dc40ff0cff637d74"
      }
    },
    {
      "identity" : "primitives",
      "kind" : "remoteSourceControl",
      "location" : "https://github.com/leviouwendijk/Primitives.git",
      "state" : {
        "branch" : "master",
        "revision" : "9c07dc28206dddc67bb0052a84aaecf803a55f67"
      }
    },
    {
      "identity" : "variables",
      "kind" : "remoteSourceControl",
      "location" : "https://github.com/leviouwendijk/Variables.git",
      "state" : {
        "branch" : "master",
        "revision" : "c533569cd399d8d4762f5f4f8241e2234735c6d0"
      }
    }
  ],
  "version" : 3
}
