{
  "originHash" : "2a67782e06c5ca4f984e5cb3ce6c21eef3a7a69d9101ea59753e1064c8a7d1ea",
  "pins" : [
    {
      "identity" : "dsl",
      "kind" : "remoteSourceControl",
      "location" : "https://github.com/leviouwendijk/DSL.git",
      "state" : {
        "branch" : "master",
        "revision" : "703dbdf2da2a9fe814a1843f35dfb7104229f4eb"
      }
    },
    {
      "identity" : "methods",
      "kind" : "remoteSourceControl",
      "location" : "https://github.com/leviouwendijk/Methods.git",
      "state" : {
        "branch" : "master",
        "revision" : "62656c2e32b7889df68415464b67b440f7e7e464"
      }
    },
    {
      "identity" : "milieu",
      "kind" : "remoteSourceControl",
      "location" : "https://github.com/leviouwendijk/Milieu.git",
      "state" : {
        "branch" : "master",
        "revision" : "61da1601725fd66f5c6ad066dc40ff0cff637d74"
      }
    },
    {
      "identity" : "primitives",
      "kind" : "remoteSourceControl",
      "location" : "https://github.com/leviouwendijk/Primitives.git",
      "state" : {
        "branch" : "master",
        "revision" : "eb58bcd1ea305d13ff0c0f6fcd03d869a8612802"
      }
    },
    {
      "identity" : "references",
      "kind" : "remoteSourceControl",
      "location" : "https://github.com/leviouwendijk/References.git",
      "state" : {
        "branch" : "master",
        "revision" : "7bdf6a9fdca3ccc0acd61ae5e51802cc25ea030f"
      }
    },
    {
      "identity" : "variables",
      "kind" : "remoteSourceControl",
      "location" : "https://github.com/leviouwendijk/Variables.git",
      "state" : {
        "branch" : "master",
        "revision" : "c533569cd399d8d4762f5f4f8241e2234735c6d0"
      }
    }
  ],
  "version" : 3
}
